
Microsoft Visual Studio Solution File, Format Version 12.00
# Visual Studio 15
VisualStudioVersion = 15.0.26730.16
MinimumVisualStudioVersion = 10.0.40219.1
Project("{FAE04EC0-301F-11D3-BF4B-00C04F79EFBC}") = "KeyboardHelper", "KeyboardHelper.csproj", "{6A1A5DEE-30CF-450F-8FAB-7D926D3F1DEF}"
EndProject
Global
	GlobalSection(SolutionConfigurationPlatforms) = preSolution
		Debug|Any CPU = Debug|Any CPU
		Release|Any CPU = Release|Any CPU
	EndGlobalSection
	GlobalSection(ProjectConfigurationPlatforms) = postSolution
		{6A1A5DEE-30CF-450F-8FAB-7D926D3F1DEF}.Debug|Any CPU.ActiveCfg = Debug|Any CPU
		{6A1A5DEE-30CF-450F-8FAB-7D926D3F1DEF}.Debug|Any CPU.Build.0 = Debug|Any CPU
		{6A1A5DEE-30CF-450F-8FAB-7D926D3F1DEF}.Release|Any CPU.ActiveCfg = Release|Any CPU
		{6A1A5DEE-30CF-450F-8FAB-7D926D3F1DEF}.Release|Any CPU.Build.0 = Release|Any CPU
	EndGlobalSection
	GlobalSection(SolutionProperties) = preSolution
		HideSolutionNode = FALSE
	EndGlobalSection
	GlobalSection(ExtensibilityGlobals) = postSolution
		SolutionGuid = {C40E67C2-E929-446C-9136-FA715EC40FF9}
	EndGlobalSection
EndGlobal
